{
  "name": "cfw-api",
  "version": "1.0.0",
  "lockfileVersion": 1,
  "requires": true,
  "dependencies": {
    "itty-router": {
      "version": "1.4.2",
      "resolved": "https://registry.npmjs.org/itty-router/-/itty-router-1.4.2.tgz",
      "integrity": "sha512-MAe/mqJHNarctK/wGVpIQmicJFwdQNAgHL3O/4sApxpjWnBVOSYoyqyqLW8r9lnYzx83Pv2BhDYP/KbyAC9ddw=="
    },
    "prettier": {
      "version": "1.19.1",
      "resolved": "https://registry.npmjs.org/prettier/-/prettier-1.19.1.tgz",
      "integrity": "sha512-s7PoyDv/II1ObgQunCbB9PdLmUcBZcnWOcxDh7O0N/UwDEsHyqkW+Qh28jW+mVuCdx7gLB0BotYI1Y6uI9iyew==",
      "dev": true
    }
  }
}
